<?xml version="1.0" encoding="utf-8"?>
<Project ToolsVersion="4.0" xmlns="http://schemas.microsoft.com/developer/msbuild/2003">
  <ItemGroup>
    <Filter Include="源文件">
      <UniqueIdentifier>{4FC737F1-C7A5-4376-A066-2A32D752A2FF}</UniqueIdentifier>
      <Extensions>cpp;c;cc;cxx;def;odl;idl;hpj;bat;asm;asmx</Extensions>
    </Filter>
    <Filter Include="头文件">
      <UniqueIdentifier>{93995380-89BD-4b04-88EB-625FBE52EBFB}</UniqueIdentifier>
      <Extensions>h;hh;hpp;hxx;hm;inl;inc;xsd</Extensions>
    </Filter>
    <Filter Include="资源文件">
      <UniqueIdentifier>{67DA6AB6-F800-4c08-8B7A-83BB121AAD01}</UniqueIdentifier>
      <Extensions>rc;ico;cur;bmp;dlg;rc2;rct;bin;rgs;gif;jpg;jpeg;jpe;resx;tiff;tif;png;wav;mfcribbon-ms</Extensions>
    </Filter>
    <Filter Include="file">
      <UniqueIdentifier>{4792e516-8dc4-44ff-bcc8-ec92df635bae}</UniqueIdentifier>
    </Filter>
    <Filter Include="file\include">
      <UniqueIdentifier>{34bdc9c1-72dc-44d2-bd5b-b02c8e810fbd}</UniqueIdentifier>
    </Filter>
    <Filter Include="file\src">
      <UniqueIdentifier>{5df508c1-7e83-43a3-8b5b-547c3cb1eb80}</UniqueIdentifier>
    </Filter>
    <Filter Include="mem">
      <UniqueIdentifier>{93201cdd-c14e-43fb-a436-fd8bf17b25e1}</UniqueIdentifier>
    </Filter>
    <Filter Include="mem\include">
      <UniqueIdentifier>{3eb1f0c3-2885-4bc2-9ab0-4b7bdf380d59}</UniqueIdentifier>
    </Filter>
    <Filter Include="mem\src">
      <UniqueIdentifier>{d4f66c1e-2990-492f-84d5-382f2b718d51}</UniqueIdentifier>
    </Filter>
    <Filter Include="net">
      <UniqueIdentifier>{80650bae-bcc2-4bdd-bb0f-b2935982f053}</UniqueIdentifier>
    </Filter>
    <Filter Include="net\include">
      <UniqueIdentifier>{0f16a7ca-1132-40e7-9833-e8c0d0085dae}</UniqueIdentifier>
    </Filter>
    <Filter Include="net\src">
      <UniqueIdentifier>{aea31980-6e4f-4420-a658-2d3610b84698}</UniqueIdentifier>
    </Filter>
    <Filter Include="thread">
      <UniqueIdentifier>{d1825b07-0ff1-4873-8394-9872b3f5834d}</UniqueIdentifier>
    </Filter>
    <Filter Include="thread\include">
      <UniqueIdentifier>{456b4a16-2522-4ef1-8673-da4ed7c14d7f}</UniqueIdentifier>
    </Filter>
    <Filter Include="thread\src">
      <UniqueIdentifier>{e7dae37a-9d44-4474-ba80-032d6667874e}</UniqueIdentifier>
    </Filter>
    <Filter Include="util">
      <UniqueIdentifier>{ccf91375-8c22-4f42-96c9-a0014190aaf3}</UniqueIdentifier>
    </Filter>
    <Filter Include="util\include">
      <UniqueIdentifier>{2dc50f02-c371-44ef-a5da-5209bb90dfb7}</UniqueIdentifier>
    </Filter>
    <Filter Include="util\src">
      <UniqueIdentifier>{5e6af919-bef9-47d4-9ecc-beda0ef85246}</UniqueIdentifier>
    </Filter>
  </ItemGroup>
  <ItemGroup>
    <Text Include="ReadMe.txt" />
  </ItemGroup>
  <ItemGroup>
    <ClInclude Include="stdafx.h">
      <Filter>头文件</Filter>
    </ClInclude>
    <ClInclude Include="targetver.h">
      <Filter>头文件</Filter>
    </ClInclude>
    <ClInclude Include="file\include\UvDir.h">
      <Filter>file\include</Filter>
    </ClInclude>
    <ClInclude Include="mem\include\MemTest.h">
      <Filter>mem\include</Filter>
    </ClInclude>
    <ClInclude Include="mem\include\ClassMem.h">
      <Filter>mem\include</Filter>
    </ClInclude>
    <ClInclude Include="net\include\TestSvr.h">
      <Filter>net\include</Filter>
    </ClInclude>
    <ClInclude Include="net\include\TestActCli.h">
      <Filter>net\include</Filter>
    </ClInclude>
    <ClInclude Include="net\include\TestPasCli.h">
      <Filter>net\include</Filter>
    </ClInclude>
  </ItemGroup>
  <ItemGroup>
    <ClCompile Include="stdafx.cpp">
      <Filter>源文件</Filter>
    </ClCompile>
    <ClCompile Include="test.cpp">
      <Filter>源文件</Filter>
    </ClCompile>
    <ClCompile Include="file\src\UvDir.cpp">
      <Filter>file\src</Filter>
    </ClCompile>
    <ClCompile Include="mem\src\MemTest.cpp">
      <Filter>mem\src</Filter>
    </ClCompile>
    <ClCompile Include="mem\src\ClassMem.cpp">
      <Filter>mem\src</Filter>
    </ClCompile>
    <ClCompile Include="net\src\TestSvr.cpp">
      <Filter>net\src</Filter>
    </ClCompile>
    <ClCompile Include="net\src\TestActCli.cpp">
      <Filter>net\src</Filter>
    </ClCompile>
    <ClCompile Include="net\src\TestPasCli.cpp">
      <Filter>net\src</Filter>
    </ClCompile>
  </ItemGroup>
</Project>